{
  "lockfileVersion": 1,
  "workspaces": {
    "": {
      "name": "craig-helperbot",
      "dependencies": {
        "@projectdysnomia/dysnomia": "^0.2.3",
        "common-tags": "^1.8.2",
      },
      "devDependencies": {
        "@types/bun": "latest",
        "@types/common-tags": "^1.8.4",
        "prettier": "^3.5.3",
        "typescript": "^5",
      },
    },
  },
  "packages": {
    "@projectdysnomia/dysnomia": ["@projectdysnomia/dysnomia@0.2.3", "", { "dependencies": { "ws": "^8.18.0" }, "optionalDependencies": { "@stablelib/xchacha20poly1305": "~1.0.1", "opusscript": "^0.1.1" }, "peerDependencies": { "@discordjs/opus": "^0.9.0", "erlpack": "github:discord/erlpack", "eventemitter3": "^5.0.1", "pako": "^2.1.0", "sodium-native": "^4.1.1", "zlib-sync": "^0.1.9" }, "optionalPeers": ["@discordjs/opus", "erlpack", "eventemitter3", "pako", "sodium-native", "zlib-sync"] }, "sha512-BBF9JV0wEJJXUdO+Kxj+LlKoFfgwj02LCXZOgt0jD+vuh1q9Yw57XNjaFwWXQHurD7PfmwqERC+UINDBlOo9Xw=="],

    "@stablelib/aead": ["@stablelib/aead@1.0.1", "", {}, "sha512-q39ik6sxGHewqtO0nP4BuSe3db5G1fEJE8ukvngS2gLkBXyy6E7pLubhbYgnkDFv6V8cWaxcE4Xn0t6LWcJkyg=="],

    "@stablelib/binary": ["@stablelib/binary@1.0.1", "", { "dependencies": { "@stablelib/int": "^1.0.1" } }, "sha512-ClJWvmL6UBM/wjkvv/7m5VP3GMr9t0osr4yVgLZsLCOz4hGN9gIAFEqnJ0TsSMAN+n840nf2cHZnA5/KFqHC7Q=="],

    "@stablelib/chacha": ["@stablelib/chacha@1.0.1", "", { "dependencies": { "@stablelib/binary": "^1.0.1", "@stablelib/wipe": "^1.0.1" } }, "sha512-Pmlrswzr0pBzDofdFuVe1q7KdsHKhhU24e8gkEwnTGOmlC7PADzLVxGdn2PoNVBBabdg0l/IfLKg6sHAbTQugg=="],

    "@stablelib/chacha20poly1305": ["@stablelib/chacha20poly1305@1.0.1", "", { "dependencies": { "@stablelib/aead": "^1.0.1", "@stablelib/binary": "^1.0.1", "@stablelib/chacha": "^1.0.1", "@stablelib/constant-time": "^1.0.1", "@stablelib/poly1305": "^1.0.1", "@stablelib/wipe": "^1.0.1" } }, "sha512-MmViqnqHd1ymwjOQfghRKw2R/jMIGT3wySN7cthjXCBdO+qErNPUBnRzqNpnvIwg7JBCg3LdeCZZO4de/yEhVA=="],

    "@stablelib/constant-time": ["@stablelib/constant-time@1.0.1", "", {}, "sha512-tNOs3uD0vSJcK6z1fvef4Y+buN7DXhzHDPqRLSXUel1UfqMB1PWNsnnAezrKfEwTLpN0cGH2p9NNjs6IqeD0eg=="],

    "@stablelib/int": ["@stablelib/int@1.0.1", "", {}, "sha512-byr69X/sDtDiIjIV6m4roLVWnNNlRGzsvxw+agj8CIEazqWGOQp2dTYgQhtyVXV9wpO6WyXRQUzLV/JRNumT2w=="],

    "@stablelib/poly1305": ["@stablelib/poly1305@1.0.1", "", { "dependencies": { "@stablelib/constant-time": "^1.0.1", "@stablelib/wipe": "^1.0.1" } }, "sha512-1HlG3oTSuQDOhSnLwJRKeTRSAdFNVB/1djy2ZbS35rBSJ/PFqx9cf9qatinWghC2UbfOYD8AcrtbUQl8WoxabA=="],

    "@stablelib/wipe": ["@stablelib/wipe@1.0.1", "", {}, "sha512-WfqfX/eXGiAd3RJe4VU2snh/ZPwtSjLG4ynQ/vYzvghTh7dHFcI1wl+nrkWG6lGhukOxOsUHfv8dUXr58D0ayg=="],

    "@stablelib/xchacha20": ["@stablelib/xchacha20@1.0.1", "", { "dependencies": { "@stablelib/binary": "^1.0.1", "@stablelib/chacha": "^1.0.1", "@stablelib/wipe": "^1.0.1" } }, "sha512-1YkiZnFF4veUwBVhDnDYwo6EHeKzQK4FnLiO7ezCl/zu64uG0bCCAUROJaBkaLH+5BEsO3W7BTXTguMbSLlWSw=="],

    "@stablelib/xchacha20poly1305": ["@stablelib/xchacha20poly1305@1.0.1", "", { "dependencies": { "@stablelib/aead": "^1.0.1", "@stablelib/chacha20poly1305": "^1.0.1", "@stablelib/constant-time": "^1.0.1", "@stablelib/wipe": "^1.0.1", "@stablelib/xchacha20": "^1.0.1" } }, "sha512-B1Abj0sMJ8h3HNmGnJ7vHBrAvxuNka6cJJoZ1ILN7iuacXp7sUYcgOVEOTLWj+rtQMpspY9tXSCRLPmN1mQNWg=="],

    "@types/bun": ["@types/bun@1.2.15", "", { "dependencies": { "bun-types": "1.2.15" } }, "sha512-U1ljPdBEphF0nw1MIk0hI7kPg7dFdPyM7EenHsp6W5loNHl7zqy6JQf/RKCgnUn2KDzUpkBwHPnEJEjII594bA=="],

    "@types/common-tags": ["@types/common-tags@1.8.4", "", {}, "sha512-S+1hLDJPjWNDhcGxsxEbepzaxWqURP/o+3cP4aa2w7yBXgdcmKGQtZzP8JbyfOd0m+33nh+8+kvxYE2UJtBDkg=="],

    "@types/node": ["@types/node@22.15.29", "", { "dependencies": { "undici-types": "~6.21.0" } }, "sha512-LNdjOkUDlU1RZb8e1kOIUpN1qQUlzGkEtbVNo53vbrwDg5om6oduhm4SiUaPW5ASTXhAiP0jInWG8Qx9fVlOeQ=="],

    "bun-types": ["bun-types@1.2.15", "", { "dependencies": { "@types/node": "*" } }, "sha512-NarRIaS+iOaQU1JPfyKhZm4AsUOrwUOqRNHY0XxI8GI8jYxiLXLcdjYMG9UKS+fwWasc1uw1htV9AX24dD+p4w=="],

    "common-tags": ["common-tags@1.8.2", "", {}, "sha512-gk/Z852D2Wtb//0I+kRFNKKE9dIIVirjoqPoA1wJU+XePVXZfGeBpk45+A1rKO4Q43prqWBNY/MiIeRLbPWUaA=="],

    "opusscript": ["opusscript@0.1.1", "", {}, "sha512-mL0fZZOUnXdZ78woRXp18lApwpp0lF5tozJOD1Wut0dgrA9WuQTgSels/CSmFleaAZrJi/nci5KOVtbuxeWoQA=="],

    "prettier": ["prettier@3.5.3", "", { "bin": { "prettier": "bin/prettier.cjs" } }, "sha512-QQtaxnoDJeAkDvDKWCLiwIXkTgRhwYDEQCghU9Z6q03iyek/rxRh/2lC3HB7P8sWT2xC/y5JDctPLBIGzHKbhw=="],

    "typescript": ["typescript@5.8.3", "", { "bin": { "tsc": "bin/tsc", "tsserver": "bin/tsserver" } }, "sha512-p1diW6TqL9L07nNxvRMM7hMMw4c5XOo/1ibL4aAIGmSAt9slTE1Xgw5KWuof2uTOvCg9BY7ZRi+GaF+7sfgPeQ=="],

    "undici-types": ["undici-types@6.21.0", "", {}, "sha512-iwDZqg0QAGrg9Rav5H4n0M64c3mkR59cJ6wQp+7C4nI0gsmExaedaYLNO44eT4AtBBwjbTiGPMlt2Md0T9H9JQ=="],

    "ws": ["ws@8.18.2", "", { "peerDependencies": { "bufferutil": "^4.0.1", "utf-8-validate": ">=5.0.2" }, "optionalPeers": ["bufferutil", "utf-8-validate"] }, "sha512-DMricUmwGZUVr++AEAe2uiVM7UoO9MAVZMDu05UQOaUII0lp+zOzLLU4Xqh/JvTqklB1T4uELaaPBKyjE1r4fQ=="],
  }
}
